// !$*UTF8*$!
{
	archiveVersion = 1;
	classes = {
	};
	objectVersion = 56;
	objects = {

/* Begin PBXBuildFile section */
		BD958CEC2C120CCD00DF7A90 /* AllAboutMeApp.swift in Sources */ = {isa = PBXBuildFile; fileRef = BD958CEB2C120CCD00DF7A90 /* AllAboutMeApp.swift */; };
		BD958CEE2C120CCD00DF7A90 /* ContentView.swift in Sources */ = {isa = PBXBuildFile; fileRef = BD958CED2C120CCD00DF7A90 /* ContentView.swift */; };
		BD958CF02C120CCF00DF7A90 /* Assets.xcassets in Resources */ = {isa = PBXBuildFile; fileRef = BD958CEF2C120CCF00DF7A90 /* Assets.xcassets */; };
		BD958CF32C120CCF00DF7A90 /* Preview Assets.xcassets in Resources */ = {isa = PBXBuildFile; fileRef = BD958CF22C120CCF00DF7A90 /* Preview Assets.xcassets */; };
		BD958CFD2C120CCF00DF7A90 /* AllAboutMeTests.swift in Sources */ = {isa = PBXBuildFile; fileRef = BD958CFC2C120CCF00DF7A90 /* AllAboutMeTests.swift */; };
		BD958D072C120CCF00DF7A90 /* AllAboutMeUITests.swift in Sources */ = {isa = PBXBuildFile; fileRef = BD958D062C120CCF00DF7A90 /* AllAboutMeUITests.swift */; };
		BD958D092C120CCF00DF7A90 /* AllAboutMeUITestsLaunchTests.swift in Sources */ = {isa = PBXBuildFile; fileRef = BD958D082C120CCF00DF7A90 /* AllAboutMeUITestsLaunchTests.swift */; };
/* End PBXBuildFile section */

/* Begin PBXContainerItemProxy section */
		BD958CF92C120CCF00DF7A90 /* PBXContainerItemProxy */ = {
			isa = PBXContainerItemProxy;
			containerPortal = BD958CE02C120CCD00DF7A90 /* Project object */;
			proxyType = 1;
			remoteGlobalIDString = BD958CE72C120CCD00DF7A90;
			remoteInfo = AllAboutMe;
		};
		BD958D032C120CCF00DF7A90 /* PBXContainerItemProxy */ = {
			isa = PBXContainerItemProxy;
			containerPortal = BD958CE02C120CCD00DF7A90 /* Project object */;
			proxyType = 1;
			remoteGlobalIDString = BD958CE72C120CCD00DF7A90;
			remoteInfo = AllAboutMe;
		};
/* End PBXContainerItemProxy section */

/* Begin PBXFileReference section */
		BD958CE82C120CCD00DF7A90 /* AllAboutMe.app */ = {isa = PBXFileReference; explicitFileType = wrapper.application; includeInIndex = 0; path = AllAboutMe.app; sourceTree = BUILT_PRODUCTS_DIR; };
		BD958CEB2C120CCD00DF7A90 /* AllAboutMeApp.swift */ = {isa = PBXFileReference; lastKnownFileType = sourcecode.swift; path = AllAboutMeApp.swift; sourceTree = "<group>"; };
		BD958CED2C120CCD00DF7A90 /* ContentView.swift */ = {isa = PBXFileReference; lastKnownFileType = sourcecode.swift; path = ContentView.swift; sourceTree = "<group>"; };
		BD958CEF2C120CCF00DF7A90 /* Assets.xcassets */ = {isa = PBXFileReference; lastKnownFileType = folder.assetcatalog; path = Assets.xcassets; sourceTree = "<group>"; };
		BD958CF22C120CCF00DF7A90 /* Preview Assets.xcassets */ = {isa = PBXFileReference; lastKnownFileType = folder.assetcatalog; path = "Preview Assets.xcassets"; sourceTree = "<group>"; };
		BD958CF82C120CCF00DF7A90 /* AllAboutMeTests.xctest */ = {isa = PBXFileReference; explicitFileType = wrapper.cfbundle; includeInIndex = 0; path = AllAboutMeTests.xctest; sourceTree = BUILT_PRODUCTS_DIR; };
		BD958CFC2C120CCF00DF7A90 /* AllAboutMeTests.swift */ = {isa = PBXFileReference; lastKnownFileType = sourcecode.swift; path = AllAboutMeTests.swift; sourceTree = "<group>"; };
		BD958D022C120CCF00DF7A90 /* AllAboutMeUITests.xctest */ = {isa = PBXFileReference; explicitFileType = wrapper.cfbundle; includeInIndex = 0; path = AllAboutMeUITests.xctest; sourceTree = BUILT_PRODUCTS_DIR; };
		BD958D062C120CCF00DF7A90 /* AllAboutMeUITests.swift */ = {isa = PBXFileReference; lastKnownFileType = sourcecode.swift; path = AllAboutMeUITests.swift; sourceTree = "<group>"; };
		BD958D082C120CCF00DF7A90 /* AllAboutMeUITestsLaunchTests.swift */ = {isa = PBXFileReference; lastKnownFileType = sourcecode.swift; path = AllAboutMeUITestsLaunchTests.swift; sourceTree = "<group>"; };
/* End PBXFileReference section */

/* Begin PBXFrameworksBuildPhase section */
		BD958CE52C120CCD00DF7A90 /* Frameworks */ = {
			isa = PBXFrameworksBuildPhase;
			buildActionMask = 2147483647;
			files = (
			);
			runOnlyForDeploymentPostprocessing = 0;
		};
		BD958CF52C120CCF00DF7A90 /* Frameworks */ = {
			isa = PBXFrameworksBuildPhase;
			buildActionMask = 2147483647;
			files = (
			);
			runOnlyForDeploymentPostprocessing = 0;
		};
		BD958CFF2C120CCF00DF7A90 /* Frameworks */ = {
			isa = PBXFrameworksBuildPhase;
			buildActionMask = 2147483647;
			files = (
			);
			runOnlyForDeploymentPostprocessing = 0;
		};
/* End PBXFrameworksBuildPhase section */

/* Begin PBXGroup section */
		BD958CDF2C120CCD00DF7A90 = {
			isa = PBXGroup;
			children = (
				BD958CEA2C120CCD00DF7A90 /* AllAboutMe */,
				BD958CFB2C120CCF00DF7A90 /* AllAboutMeTests */,
				BD958D052C120CCF00DF7A90 /* AllAboutMeUITests */,
				BD958CE92C120CCD00DF7A90 /* Products */,
			);
			sourceTree = "<group>";
		};
		BD958CE92C120CCD00DF7A90 /* Products */ = {
			isa = PBXGroup;
			children = (
				BD958CE82C120CCD00DF7A90 /* AllAboutMe.app */,
				BD958CF82C120CCF00DF7A90 /* AllAboutMeTests.xctest */,
				BD958D022C120CCF00DF7A90 /* AllAboutMeUITests.xctest */,
			);
			name = Products;
			sourceTree = "<group>";
		};
		BD958CEA2C120CCD00DF7A90 /* AllAboutMe */ = {
			isa = PBXGroup;
			children = (
				BD958CEB2C120CCD00DF7A90 /* AllAboutMeApp.swift */,
				BD958CED2C120CCD00DF7A90 /* ContentView.swift */,
				BD958CEF2C120CCF00DF7A90 /* Assets.xcassets */,
				BD958CF12C120CCF00DF7A90 /* Preview Content */,
			);
			path = AllAboutMe;
			sourceTree = "<group>";
		};
		BD958CF12C120CCF00DF7A90 /* Preview Content */ = {
			isa = PBXGroup;
			children = (
				BD958CF22C120CCF00DF7A90 /* Preview Assets.xcassets */,
			);
			path = "Preview Content";
			sourceTree = "<group>";
		};
		BD958CFB2C120CCF00DF7A90 /* AllAboutMeTests */ = {
			isa = PBXGroup;
			children = (
				BD958CFC2C120CCF00DF7A90 /* AllAboutMeTests.swift */,
			);
			path = AllAboutMeTests;
			sourceTree = "<group>";
		};
		BD958D052C120CCF00DF7A90 /* AllAboutMeUITests */ = {
			isa = PBXGroup;
			children = (
				BD958D062C120CCF00DF7A90 /* AllAboutMeUITests.swift */,
				BD958D082C120CCF00DF7A90 /* AllAboutMeUITestsLaunchTests.swift */,
			);
			path = AllAboutMeUITests;
			sourceTree = "<group>";
		};
/* End PBXGroup section */

/* Begin PBXNativeTarget section */
		BD958CE72C120CCD00DF7A90 /* AllAboutMe */ = {
			isa = PBXNativeTarget;
			buildConfigurationList = BD958D0C2C120CCF00DF7A90 /* Build configuration list for PBXNativeTarget "AllAboutMe" */;
			buildPhases = (
				BD958CE42C120CCD00DF7A90 /* Sources */,
				BD958CE52C120CCD00DF7A90 /* Frameworks */,
				BD958CE62C120CCD00DF7A90 /* Resources */,
			);
			buildRules = (
			);
			dependencies = (
			);
			name = AllAboutMe;
			productName = AllAboutMe;
			productReference = BD958CE82C120CCD00DF7A90 /* AllAboutMe.app */;
			productType = "com.apple.product-type.application";
		};
		BD958CF72C120CCF00DF7A90 /* AllAboutMeTests */ = {
			isa = PBXNativeTarget;
			buildConfigurationList = BD958D0F2C120CCF00DF7A90 /* Build configuration list for PBXNativeTarget "AllAboutMeTests" */;
			buildPhases = (
				BD958CF42C120CCF00DF7A90 /* Sources */,
				BD958CF52C120CCF00DF7A90 /* Frameworks */,
				BD958CF62C120CCF00DF7A90 /* Resources */,
			);
			buildRules = (
			);
			dependencies = (
				BD958CFA2C120CCF00DF7A90 /* PBXTargetDependency */,
			);
			name = AllAboutMeTests;
			productName = AllAboutMeTests;
			productReference = BD958CF82C120CCF00DF7A90 /* AllAboutMeTests.xctest */;
			productType = "com.apple.product-type.bundle.unit-test";
		};
		BD958D012C120CCF00DF7A90 /* AllAboutMeUITests */ = {
			isa = PBXNativeTarget;
			buildConfigurationList = BD958D122C120CCF00DF7A90 /* Build configuration list for PBXNativeTarget "AllAboutMeUITests" */;
			buildPhases = (
				BD958CFE2C120CCF00DF7A90 /* Sources */,
				BD958CFF2C120CCF00DF7A90 /* Frameworks */,
				BD958D002C120CCF00DF7A90 /* Resources */,
			);
			buildRules = (
			);
			dependencies = (
				BD958D042C120CCF00DF7A90 /* PBXTargetDependency */,
			);
			name = AllAboutMeUITests;
			productName = AllAboutMeUITests;
			productReference = BD958D022C120CCF00DF7A90 /* AllAboutMeUITests.xctest */;
			productType = "com.apple.product-type.bundle.ui-testing";
		};
/* End PBXNativeTarget section */

/* Begin PBXProject section */
		BD958CE02C120CCD00DF7A90 /* Project object */ = {
			isa = PBXProject;
			attributes = {
				BuildIndependentTargetsInParallel = 1;
				LastSwiftUpdateCheck = 1540;
				LastUpgradeCheck = 1540;
				TargetAttributes = {
					BD958CE72C120CCD00DF7A90 = {
						CreatedOnToolsVersion = 15.4;
					};
					BD958CF72C120CCF00DF7A90 = {
						CreatedOnToolsVersion = 15.4;
						TestTargetID = BD958CE72C120CCD00DF7A90;
					};
					BD958D012C120CCF00DF7A90 = {
						CreatedOnToolsVersion = 15.4;
						TestTargetID = BD958CE72C120CCD00DF7A90;
					};
				};
			};
			buildConfigurationList = BD958CE32C120CCD00DF7A90 /* Build configuration list for PBXProject "AllAboutMe" */;
			compatibilityVersion = "Xcode 14.0";
			developmentRegion = en;
			hasScannedForEncodings = 0;
			knownRegions = (
				en,
				Base,
			);
			mainGroup = BD958CDF2C120CCD00DF7A90;
			productRefGroup = BD958CE92C120CCD00DF7A90 /* Products */;
			projectDirPath = "";
			projectRoot = "";
			targets = (
				BD958CE72C120CCD00DF7A90 /* AllAboutMe */,
				BD958CF72C120CCF00DF7A90 /* AllAboutMeTests */,
				BD958D012C120CCF00DF7A90 /* AllAboutMeUITests */,
			);
		};
/* End PBXProject section */

/* Begin PBXResourcesBuildPhase section */
		BD958CE62C120CCD00DF7A90 /* Resources */ = {
			isa = PBXResourcesBuildPhase;
			buildActionMask = 2147483647;
			files = (
				BD958CF32C120CCF00DF7A90 /* Preview Assets.xcassets in Resources */,
				BD958CF02C120CCF00DF7A90 /* Assets.xcassets in Resources */,
			);
			runOnlyForDeploymentPostprocessing = 0;
		};
		BD958CF62C120CCF00DF7A90 /* Resources */ = {
			isa = PBXResourcesBuildPhase;
			buildActionMask = 2147483647;
			files = (
			);
			runOnlyForDeploymentPostprocessing = 0;
		};
		BD958D002C120CCF00DF7A90 /* Resources */ = {
			isa = PBXResourcesBuildPhase;
			buildActionMask = 2147483647;
			files = (
			);
			runOnlyForDeploymentPostprocessing = 0;
		};
/* End PBXResourcesBuildPhase section */

/* Begin PBXSourcesBuildPhase section */
		BD958CE42C120CCD00DF7A90 /* Sources */ = {
			isa = PBXSourcesBuildPhase;
			buildActionMask = 2147483647;
			files = (
				BD958CEE2C120CCD00DF7A90 /* ContentView.swift in Sources */,
				BD958CEC2C120CCD00DF7A90 /* AllAboutMeApp.swift in Sources */,
			);
			runOnlyForDeploymentPostprocessing = 0;
		};
		BD958CF42C120CCF00DF7A90 /* Sources */ = {
			isa = PBXSourcesBuildPhase;
			buildActionMask = 2147483647;
			files = (
				BD958CFD2C120CCF00DF7A90 /* AllAboutMeTests.swift in Sources */,
			);
			runOnlyForDeploymentPostprocessing = 0;
		};
		BD958CFE2C120CCF00DF7A90 /* Sources */ = {
			isa = PBXSourcesBuildPhase;
			buildActionMask = 2147483647;
			files = (
				BD958D092C120CCF00DF7A90 /* AllAboutMeUITestsLaunchTests.swift in Sources */,
				BD958D072C120CCF00DF7A90 /* AllAboutMeUITests.swift in Sources */,
			);
			runOnlyForDeploymentPostprocessing = 0;
		};
/* End PBXSourcesBuildPhase section */

/* Begin PBXTargetDependency section */
		BD958CFA2C120CCF00DF7A90 /* PBXTargetDependency */ = {
			isa = PBXTargetDependency;
			target = BD958CE72C120CCD00DF7A90 /* AllAboutMe */;
			targetProxy = BD958CF92C120CCF00DF7A90 /* PBXContainerItemProxy */;
		};
		BD958D042C120CCF00DF7A90 /* PBXTargetDependency */ = {
			isa = PBXTargetDependency;
			target = BD958CE72C120CCD00DF7A90 /* AllAboutMe */;
			targetProxy = BD958D032C120CCF00DF7A90 /* PBXContainerItemProxy */;
		};
/* End PBXTargetDependency section */

/* Begin XCBuildConfiguration section */
		BD958D0A2C120CCF00DF7A90 /* Debug */ = {
			isa = XCBuildConfiguration;
			buildSettings = {
				ALWAYS_SEARCH_USER_PATHS = NO;
				ASSETCATALOG_COMPILER_GENERATE_SWIFT_ASSET_SYMBOL_EXTENSIONS = YES;
				CLANG_ANALYZER_NONNULL = YES;
				CLANG_ANALYZER_NUMBER_OBJECT_CONVERSION = YES_AGGRESSIVE;
				CLANG_CXX_LANGUAGE_STANDARD = "gnu++20";
				CLANG_ENABLE_MODULES = YES;
				CLANG_ENABLE_OBJC_ARC = YES;
				CLANG_ENABLE_OBJC_WEAK = YES;
				CLANG_WARN_BLOCK_CAPTURE_AUTORELEASING = YES;
				CLANG_WARN_BOOL_CONVERSION = YES;
				CLANG_WARN_COMMA = YES;
				CLANG_WARN_CONSTANT_CONVERSION = YES;
				CLANG_WARN_DEPRECATED_OBJC_IMPLEMENTATIONS = YES;
				CLANG_WARN_DIRECT_OBJC_ISA_USAGE = YES_ERROR;
				CLANG_WARN_DOCUMENTATION_COMMENTS = YES;
				CLANG_WARN_EMPTY_BODY = YES;
				CLANG_WARN_ENUM_CONVERSION = YES;
				CLANG_WARN_INFINITE_RECURSION = YES;
				CLANG_WARN_INT_CONVERSION = YES;
				CLANG_WARN_NON_LITERAL_NULL_CONVERSION = YES;
				CLANG_WARN_OBJC_IMPLICIT_RETAIN_SELF = YES;
				CLANG_WARN_OBJC_LITERAL_CONVERSION = YES;
				CLANG_WARN_OBJC_ROOT_CLASS = YES_ERROR;
				CLANG_WARN_QUOTED_INCLUDE_IN_FRAMEWORK_HEADER = YES;
				CLANG_WARN_RANGE_LOOP_ANALYSIS = YES;
				CLANG_WARN_STRICT_PROTOTYPES = YES;
				CLANG_WARN_SUSPICIOUS_MOVE = YES;
				CLANG_WARN_UNGUARDED_AVAILABILITY = YES_AGGRESSIVE;
				CLANG_WARN_UNREACHABLE_CODE = YES;
				CLANG_WARN__DUPLICATE_METHOD_MATCH = YES;
				COPY_PHASE_STRIP = NO;
				DEBUG_INFORMATION_FORMAT = dwarf;
				ENABLE_STRICT_OBJC_MSGSEND = YES;
				ENABLE_TESTABILITY = YES;
				ENABLE_USER_SCRIPT_SANDBOXING = YES;
				GCC_C_LANGUAGE_STANDARD = gnu17;
				GCC_DYNAMIC_NO_PIC = NO;
				GCC_NO_COMMON_BLOCKS = YES;
				GCC_OPTIMIZATION_LEVEL = 0;
				GCC_PREPROCESSOR_DEFINITIONS = (
					"DEBUG=1",
					"$(inherited)",
				);
				GCC_WARN_64_TO_32_BIT_CONVERSION = YES;
				GCC_WARN_ABOUT_RETURN_TYPE = YES_ERROR;
				GCC_WARN_UNDECLARED_SELECTOR = YES;
				GCC_WARN_UNINITIALIZED_AUTOS = YES_AGGRESSIVE;
				GCC_WARN_UNUSED_FUNCTION = YES;
				GCC_WARN_UNUSED_VARIABLE = YES;
				IPHONEOS_DEPLOYMENT_TARGET = 17.5;
				LOCALIZATION_PREFERS_STRING_CATALOGS = YES;
				MTL_ENABLE_DEBUG_INFO = INCLUDE_SOURCE;
				MTL_FAST_MATH = YES;
				ONLY_ACTIVE_ARCH = YES;
				SDKROOT = iphoneos;
				SWIFT_ACTIVE_COMPILATION_CONDITIONS = "DEBUG $(inherited)";
				SWIFT_OPTIMIZATION_LEVEL = "-Onone";
			};
			name = Debug;
		};
		BD958D0B2C120CCF00DF7A90 /* Release */ = {
			isa = XCBuildConfiguration;
			buildSettings = {
				ALWAYS_SEARCH_USER_PATHS = NO;
				ASSETCATALOG_COMPILER_GENERATE_SWIFT_ASSET_SYMBOL_EXTENSIONS = YES;
				CLANG_ANALYZER_NONNULL = YES;
				CLANG_ANALYZER_NUMBER_OBJECT_CONVERSION = YES_AGGRESSIVE;
				CLANG_CXX_LANGUAGE_STANDARD = "gnu++20";
				CLANG_ENABLE_MODULES = YES;
				CLANG_ENABLE_OBJC_ARC = YES;
				CLANG_ENABLE_OBJC_WEAK = YES;
				CLANG_WARN_BLOCK_CAPTURE_AUTORELEASING = YES;
				CLANG_WARN_BOOL_CONVERSION = YES;
				CLANG_WARN_COMMA = YES;
				CLANG_WARN_CONSTANT_CONVERSION = YES;
				CLANG_WARN_DEPRECATED_OBJC_IMPLEMENTATIONS = YES;
				CLANG_WARN_DIRECT_OBJC_ISA_USAGE = YES_ERROR;
				CLANG_WARN_DOCUMENTATION_COMMENTS = YES;
				CLANG_WARN_EMPTY_BODY = YES;
				CLANG_WARN_ENUM_CONVERSION = YES;
				CLANG_WARN_INFINITE_RECURSION = YES;
				CLANG_WARN_INT_CONVERSION = YES;
				CLANG_WARN_NON_LITERAL_NULL_CONVERSION = YES;
				CLANG_WARN_OBJC_IMPLICIT_RETAIN_SELF = YES;
				CLANG_WARN_OBJC_LITERAL_CONVERSION = YES;
				CLANG_WARN_OBJC_ROOT_CLASS = YES_ERROR;
				CLANG_WARN_QUOTED_INCLUDE_IN_FRAMEWORK_HEADER = YES;
				CLANG_WARN_RANGE_LOOP_ANALYSIS = YES;
				CLANG_WARN_STRICT_PROTOTYPES = YES;
				CLANG_WARN_SUSPICIOUS_MOVE = YES;
				CLANG_WARN_UNGUARDED_AVAILABILITY = YES_AGGRESSIVE;
				CLANG_WARN_UNREACHABLE_CODE = YES;
				CLANG_WARN__DUPLICATE_METHOD_MATCH = YES;
				COPY_PHASE_STRIP = NO;
				DEBUG_INFORMATION_FORMAT = "dwarf-with-dsym";
				ENABLE_NS_ASSERTIONS = NO;
				ENABLE_STRICT_OBJC_MSGSEND = YES;
				ENABLE_USER_SCRIPT_SANDBOXING = YES;
				GCC_C_LANGUAGE_STANDARD = gnu17;
				GCC_NO_COMMON_BLOCKS = YES;
				GCC_WARN_64_TO_32_BIT_CONVERSION = YES;
				GCC_WARN_ABOUT_RETURN_TYPE = YES_ERROR;
				GCC_WARN_UNDECLARED_SELECTOR = YES;
				GCC_WARN_UNINITIALIZED_AUTOS = YES_AGGRESSIVE;
				GCC_WARN_UNUSED_FUNCTION = YES;
				GCC_WARN_UNUSED_VARIABLE = YES;
				IPHONEOS_DEPLOYMENT_TARGET = 17.5;
				LOCALIZATION_PREFERS_STRING_CATALOGS = YES;
				MTL_ENABLE_DEBUG_INFO = NO;
				MTL_FAST_MATH = YES;
				SDKROOT = iphoneos;
				SWIFT_COMPILATION_MODE = wholemodule;
				VALIDATE_PRODUCT = YES;
			};
			name = Release;
		};
		BD958D0D2C120CCF00DF7A90 /* Debug */ = {
			isa = XCBuildConfiguration;
			buildSettings = {
				ASSETCATALOG_COMPILER_APPICON_NAME = AppIcon;
				ASSETCATALOG_COMPILER_GLOBAL_ACCENT_COLOR_NAME = AccentColor;
				CODE_SIGN_STYLE = Automatic;
				CURRENT_PROJECT_VERSION = 1;
				DEVELOPMENT_ASSET_PATHS = "\"AllAboutMe/Preview Content\"";
				ENABLE_PREVIEWS = YES;
				GENERATE_INFOPLIST_FILE = YES;
				INFOPLIST_KEY_UIApplicationSceneManifest_Generation = YES;
				INFOPLIST_KEY_UIApplicationSupportsIndirectInputEvents = YES;
				INFOPLIST_KEY_UILaunchScreen_Generation = YES;
				INFOPLIST_KEY_UISupportedInterfaceOrientations_iPad = "UIInterfaceOrientationPortrait UIInterfaceOrientationPortraitUpsideDown UIInterfaceOrientationLandscapeLeft UIInterfaceOrientationLandscapeRight";
				INFOPLIST_KEY_UISupportedInterfaceOrientations_iPhone = "UIInterfaceOrientationPortrait UIInterfaceOrientationLandscapeLeft UIInterfaceOrientationLandscapeRight";
				LD_RUNPATH_SEARCH_PATHS = (
					"$(inherited)",
					"@executable_path/Frameworks",
				);
				MARKETING_VERSION = 1.0;
				PRODUCT_BUNDLE_IDENTIFIER = kwk.AllAboutMe;
				PRODUCT_NAME = "$(TARGET_NAME)";
				SWIFT_EMIT_LOC_STRINGS = YES;
				SWIFT_VERSION = 5.0;
				TARGETED_DEVICE_FAMILY = "1,2";
			};
			name = Debug;
		};
		BD958D0E2C120CCF00DF7A90 /* Release */ = {
			isa = XCBuildConfiguration;
			buildSettings = {
				ASSETCATALOG_COMPILER_APPICON_NAME = AppIcon;
				ASSETCATALOG_COMPILER_GLOBAL_ACCENT_COLOR_NAME = AccentColor;
				CODE_SIGN_STYLE = Automatic;
				CURRENT_PROJECT_VERSION = 1;
				DEVELOPMENT_ASSET_PATHS = "\"AllAboutMe/Preview Content\"";
				ENABLE_PREVIEWS = YES;
				GENERATE_INFOPLIST_FILE = YES;
				INFOPLIST_KEY_UIApplicationSceneManifest_Generation = YES;
				INFOPLIST_KEY_UIApplicationSupportsIndirectInputEvents = YES;
				INFOPLIST_KEY_UILaunchScreen_Generation = YES;
				INFOPLIST_KEY_UISupportedInterfaceOrientations_iPad = "UIInterfaceOrientationPortrait UIInterfaceOrientationPortraitUpsideDown UIInterfaceOrientationLandscapeLeft UIInterfaceOrientationLandscapeRight";
				INFOPLIST_KEY_UISupportedInterfaceOrientations_iPhone = "UIInterfaceOrientationPortrait UIInterfaceOrientationLandscapeLeft UIInterfaceOrientationLandscapeRight";
				LD_RUNPATH_SEARCH_PATHS = (
					"$(inherited)",
					"@executable_path/Frameworks",
				);
				MARKETING_VERSION = 1.0;
				PRODUCT_BUNDLE_IDENTIFIER = kwk.AllAboutMe;
				PRODUCT_NAME = "$(TARGET_NAME)";
				SWIFT_EMIT_LOC_STRINGS = YES;
				SWIFT_VERSION = 5.0;
				TARGETED_DEVICE_FAMILY = "1,2";
			};
			name = Release;
		};
		BD958D102C120CCF00DF7A90 /* Debug */ = {
			isa = XCBuildConfiguration;
			buildSettings = {
				ALWAYS_EMBED_SWIFT_STANDARD_LIBRARIES = YES;
				BUNDLE_LOADER = "$(TEST_HOST)";
				CODE_SIGN_STYLE = Automatic;
				CURRENT_PROJECT_VERSION = 1;
				GENERATE_INFOPLIST_FILE = YES;
				IPHONEOS_DEPLOYMENT_TARGET = 17.5;
				MARKETING_VERSION = 1.0;
				PRODUCT_BUNDLE_IDENTIFIER = kwk.AllAboutMeTests;
				PRODUCT_NAME = "$(TARGET_NAME)";
				SWIFT_EMIT_LOC_STRINGS = NO;
				SWIFT_VERSION = 5.0;
				TARGETED_DEVICE_FAMILY = "1,2";
				TEST_HOST = "$(BUILT_PRODUCTS_DIR)/AllAboutMe.app/$(BUNDLE_EXECUTABLE_FOLDER_PATH)/AllAboutMe";
			};
			name = Debug;
		};
		BD958D112C120CCF00DF7A90 /* Release */ = {
			isa = XCBuildConfiguration;
			buildSettings = {
				ALWAYS_EMBED_SWIFT_STANDARD_LIBRARIES = YES;
				BUNDLE_LOADER = "$(TEST_HOST)";
				CODE_SIGN_STYLE = Automatic;
				CURRENT_PROJECT_VERSION = 1;
				GENERATE_INFOPLIST_FILE = YES;
				IPHONEOS_DEPLOYMENT_TARGET = 17.5;
				MARKETING_VERSION = 1.0;
				PRODUCT_BUNDLE_IDENTIFIER = kwk.AllAboutMeTests;
				PRODUCT_NAME = "$(TARGET_NAME)";
				SWIFT_EMIT_LOC_STRINGS = NO;
				SWIFT_VERSION = 5.0;
				TARGETED_DEVICE_FAMILY = "1,2";
				TEST_HOST = "$(BUILT_PRODUCTS_DIR)/AllAboutMe.app/$(BUNDLE_EXECUTABLE_FOLDER_PATH)/AllAboutMe";
			};
			name = Release;
		};
		BD958D132C120CCF00DF7A90 /* Debug */ = {
			isa = XCBuildConfiguration;
			buildSettings = {
				ALWAYS_EMBED_SWIFT_STANDARD_LIBRARIES = YES;
				CODE_SIGN_STYLE = Automatic;
				CURRENT_PROJECT_VERSION = 1;
				GENERATE_INFOPLIST_FILE = YES;
				MARKETING_VERSION = 1.0;
				PRODUCT_BUNDLE_IDENTIFIER = kwk.AllAboutMeUITests;
				PRODUCT_NAME = "$(TARGET_NAME)";
				SWIFT_EMIT_LOC_STRINGS = NO;
				SWIFT_VERSION = 5.0;
				TARGETED_DEVICE_FAMILY = "1,2";
				TEST_TARGET_NAME = AllAboutMe;
			};
			name = Debug;
		};
		BD958D142C120CCF00DF7A90 /* Release */ = {
			isa = XCBuildConfiguration;
			buildSettings = {
				ALWAYS_EMBED_SWIFT_STANDARD_LIBRARIES = YES;
				CODE_SIGN_STYLE = Automatic;
				CURRENT_PROJECT_VERSION = 1;
				GENERATE_INFOPLIST_FILE = YES;
				MARKETING_VERSION = 1.0;
				PRODUCT_BUNDLE_IDENTIFIER = kwk.AllAboutMeUITests;
				PRODUCT_NAME = "$(TARGET_NAME)";
				SWIFT_EMIT_LOC_STRINGS = NO;
				SWIFT_VERSION = 5.0;
				TARGETED_DEVICE_FAMILY = "1,2";
				TEST_TARGET_NAME = AllAboutMe;
			};
			name = Release;
		};
/* End XCBuildConfiguration section */

/* Begin XCConfigurationList section */
		BD958CE32C120CCD00DF7A90 /* Build configuration list for PBXProject "AllAboutMe" */ = {
			isa = XCConfigurationList;
			buildConfigurations = (
				BD958D0A2C120CCF00DF7A90 /* Debug */,
				BD958D0B2C120CCF00DF7A90 /* Release */,
			);
			defaultConfigurationIsVisible = 0;
			defaultConfigurationName = Release;
		};
		BD958D0C2C120CCF00DF7A90 /* Build configuration list for PBXNativeTarget "AllAboutMe" */ = {
			isa = XCConfigurationList;
			buildConfigurations = (
				BD958D0D2C120CCF00DF7A90 /* Debug */,
				BD958D0E2C120CCF00DF7A90 /* Release */,
			);
			defaultConfigurationIsVisible = 0;
			defaultConfigurationName = Release;
		};
		BD958D0F2C120CCF00DF7A90 /* Build configuration list for PBXNativeTarget "AllAboutMeTests" */ = {
			isa = XCConfigurationList;
			buildConfigurations = (
				BD958D102C120CCF00DF7A90 /* Debug */,
				BD958D112C120CCF00DF7A90 /* Release */,
			);
			defaultConfigurationIsVisible = 0;
			defaultConfigurationName = Release;
		};
		BD958D122C120CCF00DF7A90 /* Build configuration list for PBXNativeTarget "AllAboutMeUITests" */ = {
			isa = XCConfigurationList;
			buildConfigurations = (
				BD958D132C120CCF00DF7A90 /* Debug */,
				BD958D142C120CCF00DF7A90 /* Release */,
			);
			defaultConfigurationIsVisible = 0;
			defaultConfigurationName = Release;
		};
/* End XCConfigurationList section */
	};
	rootObject = BD958CE02C120CCD00DF7A90 /* Project object */;
}
